
Microsoft Visual Studio Solution File, Format Version 12.00
# Visual Studio Version 17
VisualStudioVersion = 17.5.33516.290
MinimumVisualStudioVersion = 10.0.40219.1
Project("{FAE04EC0-301F-11D3-BF4B-00C04F79EFBC}") = "cp20290_convert", "cp20290_convert.csproj", "{7FE233A4-6948-47ED-BB8B-F11910DF6248}"
EndProject
Global
	GlobalSection(SolutionConfigurationPlatforms) = preSolution
		Debug|Any CPU = Debug|Any CPU
		Release|Any CPU = Release|Any CPU
	EndGlobalSection
	GlobalSection(ProjectConfigurationPlatforms) = postSolution
		{7FE233A4-6948-47ED-BB8B-F11910DF6248}.Debug|Any CPU.ActiveCfg = Debug|Any CPU
		{7FE233A4-6948-47ED-BB8B-F11910DF6248}.Debug|Any CPU.Build.0 = Debug|Any CPU
		{7FE233A4-6948-47ED-BB8B-F11910DF6248}.Release|Any CPU.ActiveCfg = Release|Any CPU
		{7FE233A4-6948-47ED-BB8B-F11910DF6248}.Release|Any CPU.Build.0 = Release|Any CPU
	EndGlobalSection
	GlobalSection(SolutionProperties) = preSolution
		HideSolutionNode = FALSE
	EndGlobalSection
	GlobalSection(ExtensibilityGlobals) = postSolution
		SolutionGuid = {E466616B-7833-4970-AC52-70C53409A969}
	EndGlobalSection
EndGlobal
